
Microsoft Visual Studio Solution File, Format Version 12.00
# Visual Studio 14
VisualStudioVersion = 14.0.25420.1
MinimumVisualStudioVersion = 10.0.40219.1
Project("{FAE04EC0-301F-11D3-BF4B-00C04F79EFBC}") = "LayerMakeTestForm", "LayerMakeTestForm\LayerMakeTestForm.csproj", "{0BEDE687-D7A3-4B1D-AC5B-09FD41B2F410}"
EndProject
Project("{FAE04EC0-301F-11D3-BF4B-00C04F79EFBC}") = "LayerMakeTestTest", "LayerMakeTestTest\LayerMakeTestTest.csproj", "{21D384D8-79A6-4E58-BB7A-8A18F02DFE72}"
EndProject
Global
	GlobalSection(SolutionConfigurationPlatforms) = preSolution
		Debug|Any CPU = Debug|Any CPU
		Release|Any CPU = Release|Any CPU
	EndGlobalSection
	GlobalSection(ProjectConfigurationPlatforms) = postSolution
		{0BEDE687-D7A3-4B1D-AC5B-09FD41B2F410}.Debug|Any CPU.ActiveCfg = Debug|Any CPU
		{0BEDE687-D7A3-4B1D-AC5B-09FD41B2F410}.Debug|Any CPU.Build.0 = Debug|Any CPU
		{0BEDE687-D7A3-4B1D-AC5B-09FD41B2F410}.Release|Any CPU.ActiveCfg = Release|Any CPU
		{0BEDE687-D7A3-4B1D-AC5B-09FD41B2F410}.Release|Any CPU.Build.0 = Release|Any CPU
		{21D384D8-79A6-4E58-BB7A-8A18F02DFE72}.Debug|Any CPU.ActiveCfg = Debug|Any CPU
		{21D384D8-79A6-4E58-BB7A-8A18F02DFE72}.Debug|Any CPU.Build.0 = Debug|Any CPU
		{21D384D8-79A6-4E58-BB7A-8A18F02DFE72}.Release|Any CPU.ActiveCfg = Release|Any CPU
		{21D384D8-79A6-4E58-BB7A-8A18F02DFE72}.Release|Any CPU.Build.0 = Release|Any CPU
	EndGlobalSection
	GlobalSection(SolutionProperties) = preSolution
		HideSolutionNode = FALSE
	EndGlobalSection
EndGlobal
